// !$*UTF8*$!
{
	archiveVersion = 1;
	classes = {
	};
	objectVersion = 54;
	objects = {

/* Begin PBXBuildFile section */
		658F994631B07FB18FD2EFB0 /* QueryFlowTests.swift in Sources */ = {isa = PBXBuildFile; fileRef = CCFB86E84C2A33906C0374F6 /* QueryFlowTests.swift */; };
		FD31D0A030FDDACAE0EF9E9B /* MyotisApp.swift in Sources */ = {isa = PBXBuildFile; fileRef = 334FE1A4584215DC91D3354C /* MyotisApp.swift */; };
/* End PBXBuildFile section */

/* Begin PBXContainerItemProxy section */
		B770659A1C653DB78FAF25F9 /* PBXContainerItemProxy */ = {
			isa = PBXContainerItemProxy;
			containerPortal = 88046FD638A6B903F562E1D0 /* Project object */;
			proxyType = 1;
			remoteGlobalIDString = 9080802C9B2223B1F09BD3B6;
			remoteInfo = Myotis;
		};
/* End PBXContainerItemProxy section */

/* Begin PBXFileReference section */
		334FE1A4584215DC91D3354C /* MyotisApp.swift */ = {isa = PBXFileReference; lastKnownFileType = sourcecode.swift; path = MyotisApp.swift; sourceTree = "<group>"; };
		79D3F686DBE004036C2471DB /* Info.plist */ = {isa = PBXFileReference; lastKnownFileType = text.plist; path = Info.plist; sourceTree = "<group>"; };
		976B4B0F799D395EC9DECD3D /* MyotisUITests.xctest */ = {isa = PBXFileReference; includeInIndex = 0; lastKnownFileType = wrapper.cfbundle; path = MyotisUITests.xctest; sourceTree = BUILT_PRODUCTS_DIR; };
		CCFB86E84C2A33906C0374F6 /* QueryFlowTests.swift */ = {isa = PBXFileReference; lastKnownFileType = sourcecode.swift; path = QueryFlowTests.swift; sourceTree = "<group>"; };
		E5FF715054654C4DDE74A98D /* Myotis.app */ = {isa = PBXFileReference; includeInIndex = 0; lastKnownFileType = wrapper.application; path = Myotis.app; sourceTree = BUILT_PRODUCTS_DIR; };
/* End PBXFileReference section */

/* Begin PBXGroup section */
		246DBF81ECA04D0B1E4D8DF5 /* MyotisUITests */ = {
			isa = PBXGroup;
			children = (
				CCFB86E84C2A33906C0374F6 /* QueryFlowTests.swift */,
			);
			path = MyotisUITests;
			sourceTree = "<group>";
		};
		5FD36E076E5FDEA18FB2D675 /* Products */ = {
			isa = PBXGroup;
			children = (
				E5FF715054654C4DDE74A98D /* Myotis.app */,
				976B4B0F799D395EC9DECD3D /* MyotisUITests.xctest */,
			);
			name = Products;
			sourceTree = "<group>";
		};
		96F8087970E6C3EAEFBAB01F = {
			isa = PBXGroup;
			children = (
				D2D6A9DCC5FFF7E731D6C46D /* Myotis */,
				246DBF81ECA04D0B1E4D8DF5 /* MyotisUITests */,
				5FD36E076E5FDEA18FB2D675 /* Products */,
			);
			sourceTree = "<group>";
		};
		D2D6A9DCC5FFF7E731D6C46D /* Myotis */ = {
			isa = PBXGroup;
			children = (
				79D3F686DBE004036C2471DB /* Info.plist */,
				334FE1A4584215DC91D3354C /* MyotisApp.swift */,
			);
			path = Myotis;
			sourceTree = "<group>";
		};
/* End PBXGroup section */

/* Begin PBXNativeTarget section */
		9080802C9B2223B1F09BD3B6 /* Myotis */ = {
			isa = PBXNativeTarget;
			buildConfigurationList = 0356C12C320B8D4B2D1F4FD8 /* Build configuration list for PBXNativeTarget "Myotis" */;
			buildPhases = (
				201C7D16A352EE7156702D08 /* Build MyotisKit (Gradle + cargo) */,
				7C1DBDB606DC3A5AE384A9D0 /* Sources */,
			);
			buildRules = (
			);
			dependencies = (
			);
			name = Myotis;
			productName = Myotis;
			productReference = E5FF715054654C4DDE74A98D /* Myotis.app */;
			productType = "com.apple.product-type.application";
		};
		A16E93F958A2B14FA9418A2D /* MyotisUITests */ = {
			isa = PBXNativeTarget;
			buildConfigurationList = 854926FF31F39555BFB3C7BC /* Build configuration list for PBXNativeTarget "MyotisUITests" */;
			buildPhases = (
				BB0B9FDB3AF9FD27CF4F3D66 /* Sources */,
			);
			buildRules = (
			);
			dependencies = (
				ADDD7070B450C1B56AF86398 /* PBXTargetDependency */,
			);
			name = MyotisUITests;
			productName = MyotisUITests;
			productReference = 976B4B0F799D395EC9DECD3D /* MyotisUITests.xctest */;
			productType = "com.apple.product-type.bundle.ui-testing";
		};
/* End PBXNativeTarget section */

/* Begin PBXProject section */
		88046FD638A6B903F562E1D0 /* Project object */ = {
			isa = PBXProject;
			attributes = {
				BuildIndependentTargetsInParallel = YES;
				LastUpgradeCheck = 1430;
				TargetAttributes = {
					A16E93F958A2B14FA9418A2D = {
						TestTargetID = 9080802C9B2223B1F09BD3B6;
					};
				};
			};
			buildConfigurationList = AFB3CD341B2E04BFE176BAE3 /* Build configuration list for PBXProject "Myotis" */;
			compatibilityVersion = "Xcode 14.0";
			developmentRegion = en;
			hasScannedForEncodings = 0;
			knownRegions = (
				Base,
				en,
			);
			mainGroup = 96F8087970E6C3EAEFBAB01F;
			projectDirPath = "";
			projectRoot = "";
			targets = (
				9080802C9B2223B1F09BD3B6 /* Myotis */,
				A16E93F958A2B14FA9418A2D /* MyotisUITests */,
			);
		};
/* End PBXProject section */

/* Begin PBXShellScriptBuildPhase section */
		201C7D16A352EE7156702D08 /* Build MyotisKit (Gradle + cargo) */ = {
			isa = PBXShellScriptBuildPhase;
			alwaysOutOfDate = 1;
			buildActionMask = 2147483647;
			files = (
			);
			inputFileListPaths = (
			);
			inputPaths = (
			);
			name = "Build MyotisKit (Gradle + cargo)";
			outputFileListPaths = (
			);
			outputPaths = (
			);
			runOnlyForDeploymentPostprocessing = 0;
			shellPath = /bin/sh;
			shellScript = "cd \"$SRCROOT/..\"\n./gradlew :app-ios:embedAndSignAppleFrameworkForXcode\n";
		};
/* End PBXShellScriptBuildPhase section */

/* Begin PBXSourcesBuildPhase section */
		7C1DBDB606DC3A5AE384A9D0 /* Sources */ = {
			isa = PBXSourcesBuildPhase;
			buildActionMask = 2147483647;
			files = (
				FD31D0A030FDDACAE0EF9E9B /* MyotisApp.swift in Sources */,
			);
			runOnlyForDeploymentPostprocessing = 0;
		};
		BB0B9FDB3AF9FD27CF4F3D66 /* Sources */ = {
			isa = PBXSourcesBuildPhase;
			buildActionMask = 2147483647;
			files = (
				658F994631B07FB18FD2EFB0 /* QueryFlowTests.swift in Sources */,
			);
			runOnlyForDeploymentPostprocessing = 0;
		};
/* End PBXSourcesBuildPhase section */

/* Begin PBXTargetDependency section */
		ADDD7070B450C1B56AF86398 /* PBXTargetDependency */ = {
			isa = PBXTargetDependency;
			target = 9080802C9B2223B1F09BD3B6 /* Myotis */;
			targetProxy = B770659A1C653DB78FAF25F9 /* PBXContainerItemProxy */;
		};
/* End PBXTargetDependency section */

/* Begin XCBuildConfiguration section */
		268B863E198C1B790778AB8C /* Release */ = {
			isa = XCBuildConfiguration;
			buildSettings = {
				ALWAYS_SEARCH_USER_PATHS = NO;
				CLANG_ANALYZER_NONNULL = YES;
				CLANG_ANALYZER_NUMBER_OBJECT_CONVERSION = YES_AGGRESSIVE;
				CLANG_CXX_LANGUAGE_STANDARD = "gnu++14";
				CLANG_CXX_LIBRARY = "libc++";
				CLANG_ENABLE_MODULES = YES;
				CLANG_ENABLE_OBJC_ARC = YES;
				CLANG_ENABLE_OBJC_WEAK = YES;
				CLANG_WARN_BLOCK_CAPTURE_AUTORELEASING = YES;
				CLANG_WARN_BOOL_CONVERSION = YES;
				CLANG_WARN_COMMA = YES;
				CLANG_WARN_CONSTANT_CONVERSION = YES;
				CLANG_WARN_DEPRECATED_OBJC_IMPLEMENTATIONS = YES;
				CLANG_WARN_DIRECT_OBJC_ISA_USAGE = YES_ERROR;
				CLANG_WARN_DOCUMENTATION_COMMENTS = YES;
				CLANG_WARN_EMPTY_BODY = YES;
				CLANG_WARN_ENUM_CONVERSION = YES;
				CLANG_WARN_INFINITE_RECURSION = YES;
				CLANG_WARN_INT_CONVERSION = YES;
				CLANG_WARN_NON_LITERAL_NULL_CONVERSION = YES;
				CLANG_WARN_OBJC_IMPLICIT_RETAIN_SELF = YES;
				CLANG_WARN_OBJC_LITERAL_CONVERSION = YES;
				CLANG_WARN_OBJC_ROOT_CLASS = YES_ERROR;
				CLANG_WARN_QUOTED_INCLUDE_IN_FRAMEWORK_HEADER = YES;
				CLANG_WARN_RANGE_LOOP_ANALYSIS = YES;
				CLANG_WARN_STRICT_PROTOTYPES = YES;
				CLANG_WARN_SUSPICIOUS_MOVE = YES;
				CLANG_WARN_UNGUARDED_AVAILABILITY = YES_AGGRESSIVE;
				CLANG_WARN_UNREACHABLE_CODE = YES;
				CLANG_WARN__DUPLICATE_METHOD_MATCH = YES;
				COPY_PHASE_STRIP = NO;
				DEBUG_INFORMATION_FORMAT = "dwarf-with-dsym";
				ENABLE_NS_ASSERTIONS = NO;
				ENABLE_STRICT_OBJC_MSGSEND = YES;
				GCC_C_LANGUAGE_STANDARD = gnu11;
				GCC_NO_COMMON_BLOCKS = YES;
				GCC_WARN_64_TO_32_BIT_CONVERSION = YES;
				GCC_WARN_ABOUT_RETURN_TYPE = YES_ERROR;
				GCC_WARN_UNDECLARED_SELECTOR = YES;
				GCC_WARN_UNINITIALIZED_AUTOS = YES_AGGRESSIVE;
				GCC_WARN_UNUSED_FUNCTION = YES;
				GCC_WARN_UNUSED_VARIABLE = YES;
				IPHONEOS_DEPLOYMENT_TARGET = 15.2;
				MTL_ENABLE_DEBUG_INFO = NO;
				MTL_FAST_MATH = YES;
				PRODUCT_NAME = "$(TARGET_NAME)";
				SDKROOT = iphoneos;
				SWIFT_COMPILATION_MODE = wholemodule;
				SWIFT_OPTIMIZATION_LEVEL = "-O";
				SWIFT_VERSION = 5.0;
			};
			name = Release;
		};
		31EC4BF607D01127D58009BA /* Release */ = {
			isa = XCBuildConfiguration;
			buildSettings = {
				BUNDLE_LOADER = "$(TEST_HOST)";
				GENERATE_INFOPLIST_FILE = YES;
				LD_RUNPATH_SEARCH_PATHS = (
					"$(inherited)",
					"@executable_path/Frameworks",
					"@loader_path/Frameworks",
				);
				PRODUCT_BUNDLE_IDENTIFIER = io.myotis.ios.uitests;
				SDKROOT = iphoneos;
				SWIFT_VERSION = 5.0;
				TARGETED_DEVICE_FAMILY = "1,2";
				TEST_TARGET_NAME = Myotis;
			};
			name = Release;
		};
		36214D93E966A69ECDC141DC /* Release */ = {
			isa = XCBuildConfiguration;
			buildSettings = {
				ASSETCATALOG_COMPILER_APPICON_NAME = AppIcon;
				CODE_SIGN_IDENTITY = "iPhone Developer";
				ENABLE_USER_SCRIPT_SANDBOXING = NO;
				FRAMEWORK_SEARCH_PATHS = "$(SRCROOT)/../app-ios/build/xcode-frameworks/$(CONFIGURATION)/$(SDK_NAME)";
				INFOPLIST_FILE = Myotis/Info.plist;
				LD_RUNPATH_SEARCH_PATHS = (
					"$(inherited)",
					"@executable_path/Frameworks",
				);
				OTHER_LDFLAGS = "$(inherited) -framework MyotisKit -framework SystemConfiguration";
				PRODUCT_BUNDLE_IDENTIFIER = io.myotis.ios;
				SDKROOT = iphoneos;
				SWIFT_VERSION = 5.0;
				TARGETED_DEVICE_FAMILY = "1,2";
			};
			name = Release;
		};
		37AD39784F42755BEBC6C703 /* Debug */ = {
			isa = XCBuildConfiguration;
			buildSettings = {
				BUNDLE_LOADER = "$(TEST_HOST)";
				GENERATE_INFOPLIST_FILE = YES;
				LD_RUNPATH_SEARCH_PATHS = (
					"$(inherited)",
					"@executable_path/Frameworks",
					"@loader_path/Frameworks",
				);
				PRODUCT_BUNDLE_IDENTIFIER = io.myotis.ios.uitests;
				SDKROOT = iphoneos;
				SWIFT_VERSION = 5.0;
				TARGETED_DEVICE_FAMILY = "1,2";
				TEST_TARGET_NAME = Myotis;
			};
			name = Debug;
		};
		ABFBB7022EF02D25BEDC2BA2 /* Debug */ = {
			isa = XCBuildConfiguration;
			buildSettings = {
				ALWAYS_SEARCH_USER_PATHS = NO;
				CLANG_ANALYZER_NONNULL = YES;
				CLANG_ANALYZER_NUMBER_OBJECT_CONVERSION = YES_AGGRESSIVE;
				CLANG_CXX_LANGUAGE_STANDARD = "gnu++14";
				CLANG_CXX_LIBRARY = "libc++";
				CLANG_ENABLE_MODULES = YES;
				CLANG_ENABLE_OBJC_ARC = YES;
				CLANG_ENABLE_OBJC_WEAK = YES;
				CLANG_WARN_BLOCK_CAPTURE_AUTORELEASING = YES;
				CLANG_WARN_BOOL_CONVERSION = YES;
				CLANG_WARN_COMMA = YES;
				CLANG_WARN_CONSTANT_CONVERSION = YES;
				CLANG_WARN_DEPRECATED_OBJC_IMPLEMENTATIONS = YES;
				CLANG_WARN_DIRECT_OBJC_ISA_USAGE = YES_ERROR;
				CLANG_WARN_DOCUMENTATION_COMMENTS = YES;
				CLANG_WARN_EMPTY_BODY = YES;
				CLANG_WARN_ENUM_CONVERSION = YES;
				CLANG_WARN_INFINITE_RECURSION = YES;
				CLANG_WARN_INT_CONVERSION = YES;
				CLANG_WARN_NON_LITERAL_NULL_CONVERSION = YES;
				CLANG_WARN_OBJC_IMPLICIT_RETAIN_SELF = YES;
				CLANG_WARN_OBJC_LITERAL_CONVERSION = YES;
				CLANG_WARN_OBJC_ROOT_CLASS = YES_ERROR;
				CLANG_WARN_QUOTED_INCLUDE_IN_FRAMEWORK_HEADER = YES;
				CLANG_WARN_RANGE_LOOP_ANALYSIS = YES;
				CLANG_WARN_STRICT_PROTOTYPES = YES;
				CLANG_WARN_SUSPICIOUS_MOVE = YES;
				CLANG_WARN_UNGUARDED_AVAILABILITY = YES_AGGRESSIVE;
				CLANG_WARN_UNREACHABLE_CODE = YES;
				CLANG_WARN__DUPLICATE_METHOD_MATCH = YES;
				COPY_PHASE_STRIP = NO;
				DEBUG_INFORMATION_FORMAT = dwarf;
				ENABLE_STRICT_OBJC_MSGSEND = YES;
				ENABLE_TESTABILITY = YES;
				GCC_C_LANGUAGE_STANDARD = gnu11;
				GCC_DYNAMIC_NO_PIC = NO;
				GCC_NO_COMMON_BLOCKS = YES;
				GCC_OPTIMIZATION_LEVEL = 0;
				GCC_PREPROCESSOR_DEFINITIONS = (
					"$(inherited)",
					"DEBUG=1",
				);
				GCC_WARN_64_TO_32_BIT_CONVERSION = YES;
				GCC_WARN_ABOUT_RETURN_TYPE = YES_ERROR;
				GCC_WARN_UNDECLARED_SELECTOR = YES;
				GCC_WARN_UNINITIALIZED_AUTOS = YES_AGGRESSIVE;
				GCC_WARN_UNUSED_FUNCTION = YES;
				GCC_WARN_UNUSED_VARIABLE = YES;
				IPHONEOS_DEPLOYMENT_TARGET = 15.2;
				MTL_ENABLE_DEBUG_INFO = INCLUDE_SOURCE;
				MTL_FAST_MATH = YES;
				ONLY_ACTIVE_ARCH = YES;
				PRODUCT_NAME = "$(TARGET_NAME)";
				SDKROOT = iphoneos;
				SWIFT_ACTIVE_COMPILATION_CONDITIONS = DEBUG;
				SWIFT_OPTIMIZATION_LEVEL = "-Onone";
				SWIFT_VERSION = 5.0;
			};
			name = Debug;
		};
		F14A89A7FAAFE088F6DD8C67 /* Debug */ = {
			isa = XCBuildConfiguration;
			buildSettings = {
				ASSETCATALOG_COMPILER_APPICON_NAME = AppIcon;
				CODE_SIGN_IDENTITY = "iPhone Developer";
				ENABLE_USER_SCRIPT_SANDBOXING = NO;
				FRAMEWORK_SEARCH_PATHS = "$(SRCROOT)/../app-ios/build/xcode-frameworks/$(CONFIGURATION)/$(SDK_NAME)";
				INFOPLIST_FILE = Myotis/Info.plist;
				LD_RUNPATH_SEARCH_PATHS = (
					"$(inherited)",
					"@executable_path/Frameworks",
				);
				OTHER_LDFLAGS = "$(inherited) -framework MyotisKit -framework SystemConfiguration";
				PRODUCT_BUNDLE_IDENTIFIER = io.myotis.ios;
				SDKROOT = iphoneos;
				SWIFT_VERSION = 5.0;
				TARGETED_DEVICE_FAMILY = "1,2";
			};
			name = Debug;
		};
/* End XCBuildConfiguration section */

/* Begin XCConfigurationList section */
		0356C12C320B8D4B2D1F4FD8 /* Build configuration list for PBXNativeTarget "Myotis" */ = {
			isa = XCConfigurationList;
			buildConfigurations = (
				F14A89A7FAAFE088F6DD8C67 /* Debug */,
				36214D93E966A69ECDC141DC /* Release */,
			);
			defaultConfigurationIsVisible = 0;
			defaultConfigurationName = Debug;
		};
		854926FF31F39555BFB3C7BC /* Build configuration list for PBXNativeTarget "MyotisUITests" */ = {
			isa = XCConfigurationList;
			buildConfigurations = (
				37AD39784F42755BEBC6C703 /* Debug */,
				31EC4BF607D01127D58009BA /* Release */,
			);
			defaultConfigurationIsVisible = 0;
			defaultConfigurationName = Debug;
		};
		AFB3CD341B2E04BFE176BAE3 /* Build configuration list for PBXProject "Myotis" */ = {
			isa = XCConfigurationList;
			buildConfigurations = (
				ABFBB7022EF02D25BEDC2BA2 /* Debug */,
				268B863E198C1B790778AB8C /* Release */,
			);
			defaultConfigurationIsVisible = 0;
			defaultConfigurationName = Debug;
		};
/* End XCConfigurationList section */
	};
	rootObject = 88046FD638A6B903F562E1D0 /* Project object */;
}
